
Microsoft Visual Studio Solution File, Format Version 12.00
# Visual Studio Version 16
VisualStudioVersion = 16.0.30114.105
MinimumVisualStudioVersion = 10.0.40219.1
Project("{FAE04EC0-301F-11D3-BF4B-00C04F79EFBC}") = "Framework", "framework\Framework.csproj", "{CDC1FE8E-FFCC-4104-9CE8-6DDA9680A817}"
EndProject
Project("{FAE04EC0-301F-11D3-BF4B-00C04F79EFBC}") = "Royale", "Royale\Royale.csproj", "{12C438B4-4EE1-4B40-9813-E72C32BDE259}"
EndProject
Project("{FAE04EC0-301F-11D3-BF4B-00C04F79EFBC}") = "RoyaleTests", "RoyaleTests\RoyaleTests.csproj", "{3BAC1260-31F7-4AD9-8399-53D5CAE32A8B}"
EndProject
Global
	GlobalSection(SolutionConfigurationPlatforms) = preSolution
		Debug|Any CPU = Debug|Any CPU
		Debug|x64 = Debug|x64
		Debug|x86 = Debug|x86
		Release|Any CPU = Release|Any CPU
		Release|x64 = Release|x64
		Release|x86 = Release|x86
	EndGlobalSection
	GlobalSection(SolutionProperties) = preSolution
		HideSolutionNode = FALSE
	EndGlobalSection
	GlobalSection(ProjectConfigurationPlatforms) = postSolution
		{CDC1FE8E-FFCC-4104-9CE8-6DDA9680A817}.Debug|Any CPU.ActiveCfg = Debug|Any CPU
		{CDC1FE8E-FFCC-4104-9CE8-6DDA9680A817}.Debug|Any CPU.Build.0 = Debug|Any CPU
		{CDC1FE8E-FFCC-4104-9CE8-6DDA9680A817}.Debug|x64.ActiveCfg = Debug|Any CPU
		{CDC1FE8E-FFCC-4104-9CE8-6DDA9680A817}.Debug|x64.Build.0 = Debug|Any CPU
		{CDC1FE8E-FFCC-4104-9CE8-6DDA9680A817}.Debug|x86.ActiveCfg = Debug|Any CPU
		{CDC1FE8E-FFCC-4104-9CE8-6DDA9680A817}.Debug|x86.Build.0 = Debug|Any CPU
		{CDC1FE8E-FFCC-4104-9CE8-6DDA9680A817}.Release|Any CPU.ActiveCfg = Release|Any CPU
		{CDC1FE8E-FFCC-4104-9CE8-6DDA9680A817}.Release|Any CPU.Build.0 = Release|Any CPU
		{CDC1FE8E-FFCC-4104-9CE8-6DDA9680A817}.Release|x64.ActiveCfg = Release|Any CPU
		{CDC1FE8E-FFCC-4104-9CE8-6DDA9680A817}.Release|x64.Build.0 = Release|Any CPU
		{CDC1FE8E-FFCC-4104-9CE8-6DDA9680A817}.Release|x86.ActiveCfg = Release|Any CPU
		{CDC1FE8E-FFCC-4104-9CE8-6DDA9680A817}.Release|x86.Build.0 = Release|Any CPU
		{12C438B4-4EE1-4B40-9813-E72C32BDE259}.Debug|Any CPU.ActiveCfg = Debug|Any CPU
		{12C438B4-4EE1-4B40-9813-E72C32BDE259}.Debug|Any CPU.Build.0 = Debug|Any CPU
		{12C438B4-4EE1-4B40-9813-E72C32BDE259}.Debug|x64.ActiveCfg = Debug|Any CPU
		{12C438B4-4EE1-4B40-9813-E72C32BDE259}.Debug|x64.Build.0 = Debug|Any CPU
		{12C438B4-4EE1-4B40-9813-E72C32BDE259}.Debug|x86.ActiveCfg = Debug|Any CPU
		{12C438B4-4EE1-4B40-9813-E72C32BDE259}.Debug|x86.Build.0 = Debug|Any CPU
		{12C438B4-4EE1-4B40-9813-E72C32BDE259}.Release|Any CPU.ActiveCfg = Release|Any CPU
		{12C438B4-4EE1-4B40-9813-E72C32BDE259}.Release|Any CPU.Build.0 = Release|Any CPU
		{12C438B4-4EE1-4B40-9813-E72C32BDE259}.Release|x64.ActiveCfg = Release|Any CPU
		{12C438B4-4EE1-4B40-9813-E72C32BDE259}.Release|x64.Build.0 = Release|Any CPU
		{12C438B4-4EE1-4B40-9813-E72C32BDE259}.Release|x86.ActiveCfg = Release|Any CPU
		{12C438B4-4EE1-4B40-9813-E72C32BDE259}.Release|x86.Build.0 = Release|Any CPU
		{3BAC1260-31F7-4AD9-8399-53D5CAE32A8B}.Debug|Any CPU.ActiveCfg = Debug|Any CPU
		{3BAC1260-31F7-4AD9-8399-53D5CAE32A8B}.Debug|Any CPU.Build.0 = Debug|Any CPU
		{3BAC1260-31F7-4AD9-8399-53D5CAE32A8B}.Debug|x64.ActiveCfg = Debug|Any CPU
		{3BAC1260-31F7-4AD9-8399-53D5CAE32A8B}.Debug|x64.Build.0 = Debug|Any CPU
		{3BAC1260-31F7-4AD9-8399-53D5CAE32A8B}.Debug|x86.ActiveCfg = Debug|Any CPU
		{3BAC1260-31F7-4AD9-8399-53D5CAE32A8B}.Debug|x86.Build.0 = Debug|Any CPU
		{3BAC1260-31F7-4AD9-8399-53D5CAE32A8B}.Release|Any CPU.ActiveCfg = Release|Any CPU
		{3BAC1260-31F7-4AD9-8399-53D5CAE32A8B}.Release|Any CPU.Build.0 = Release|Any CPU
		{3BAC1260-31F7-4AD9-8399-53D5CAE32A8B}.Release|x64.ActiveCfg = Release|Any CPU
		{3BAC1260-31F7-4AD9-8399-53D5CAE32A8B}.Release|x64.Build.0 = Release|Any CPU
		{3BAC1260-31F7-4AD9-8399-53D5CAE32A8B}.Release|x86.ActiveCfg = Release|Any CPU
		{3BAC1260-31F7-4AD9-8399-53D5CAE32A8B}.Release|x86.Build.0 = Release|Any CPU
	EndGlobalSection
EndGlobal
